
Microsoft Visual Studio Solution File, Format Version 12.00
# Visual Studio 15
VisualStudioVersion = 15.0.26430.12
MinimumVisualStudioVersion = 10.0.40219.1
Project("{FAE04EC0-301F-11D3-BF4B-00C04F79EFBC}") = "Regulus.Project.Lockstep.Common", "Regulus.Project.Lockstep.Common\Regulus.Project.Lockstep.Common.csproj", "{47FCA4EA-D425-4240-A4DB-E0F1D893B565}"
EndProject
Project("{FAE04EC0-301F-11D3-BF4B-00C04F79EFBC}") = "Regulus.Project.Lockstep.Game", "Regulus.Project.Lockstep.Game\Regulus.Project.Lockstep.Game.csproj", "{710395E0-FEA2-4E91-BFC4-EFC99FA93D66}"
EndProject
Project("{2150E333-8FDC-42A3-9474-1A3956D46DE8}") = "Regulus", "Regulus", "{CEF3BD00-655F-459C-86CC-17B3A38B9DD2}"
EndProject
Project("{FAE04EC0-301F-11D3-BF4B-00C04F79EFBC}") = "Regulus.Lockstep", "..\..\Regulus\Library\Regulus.Lockstep\Regulus.Lockstep.csproj", "{EF401E09-2C62-48EA-9D1B-16D7594D8D16}"
EndProject
Project("{FAE04EC0-301F-11D3-BF4B-00C04F79EFBC}") = "RegulusLibrary", "..\..\Regulus\Library\PureLib\RegulusLibrary.csproj", "{2F28AA04-316D-4C20-BF46-987D4A59691D}"
EndProject
Project("{FAE04EC0-301F-11D3-BF4B-00C04F79EFBC}") = "Remoting", "..\..\Regulus\Library\Remoting\Remoting.csproj", "{A4CFCE46-BDA8-4416-A1BB-77BD80514019}"
EndProject
Project("{FAE04EC0-301F-11D3-BF4B-00C04F79EFBC}") = "Regulus.Project.Lockstep.GameTests1", "Regulus.Project.Lockstep.GameTests1\Regulus.Project.Lockstep.GameTests1.csproj", "{DBE3F865-0A66-4DB3-ACF2-1951AAB9269F}"
EndProject
Project("{FAE04EC0-301F-11D3-BF4B-00C04F79EFBC}") = "Regulus.Remoting.ConsoleRunner", "..\..\Regulus\Library\Regulus.Remoting.ConsoleRunner\Regulus.Remoting.ConsoleRunner.csproj", "{DD716E44-FC04-42A5-85EF-ED27536A0EDA}"
EndProject
Project("{FAE04EC0-301F-11D3-BF4B-00C04F79EFBC}") = "Regulus.Project.Lockstep.Server", "Regulus.Project.Lockstep.Server\Regulus.Project.Lockstep.Server.csproj", "{197ED218-A93B-4EF5-B4AA-9E0A565B58A4}"
EndProject
Project("{FAE04EC0-301F-11D3-BF4B-00C04F79EFBC}") = "Regulus.Network", "..\..\Regulus\Library\Regulus.Network\Regulus.Network.csproj", "{A720964C-C3E0-4CB8-A81B-54A9CF7BC8DD}"
EndProject
Project("{FAE04EC0-301F-11D3-BF4B-00C04F79EFBC}") = "RegulusProtocol", "..\..\Regulus\Library\RegulusProtocol\RegulusProtocol.csproj", "{00E8AFF8-E4D5-4327-86F1-D03379419431}"
EndProject
Project("{FAE04EC0-301F-11D3-BF4B-00C04F79EFBC}") = "RemotingSoulNative", "..\..\Regulus\Library\RemotingNativeSoul\RemotingSoulNative.csproj", "{D4580866-2273-4E9B-BE70-4FA2AB11434A}"
EndProject
Project("{FAE04EC0-301F-11D3-BF4B-00C04F79EFBC}") = "RemotingGhostNative", "..\..\Regulus\Library\RemotingNativeGhost\RemotingGhostNative.csproj", "{6CB4CDE6-4405-40E6-8BDF-5A2E9185CC04}"
EndProject
Project("{FAE04EC0-301F-11D3-BF4B-00C04F79EFBC}") = "Regulus.Serialization", "..\..\Regulus\Library\Regulus.Serialization\Regulus.Serialization.csproj", "{8308717D-EC47-44CD-A27D-95BE5A92A36D}"
EndProject
Global
	GlobalSection(SolutionConfigurationPlatforms) = preSolution
		Debug_Unity|Any CPU = Debug_Unity|Any CPU
		Debug_Unity|x64 = Debug_Unity|x64
		Debug|Any CPU = Debug|Any CPU
		Debug|x64 = Debug|x64
		Release|Any CPU = Release|Any CPU
		Release|x64 = Release|x64
	EndGlobalSection
	GlobalSection(ProjectConfigurationPlatforms) = postSolution
		{47FCA4EA-D425-4240-A4DB-E0F1D893B565}.Debug_Unity|Any CPU.ActiveCfg = Debug|Any CPU
		{47FCA4EA-D425-4240-A4DB-E0F1D893B565}.Debug_Unity|Any CPU.Build.0 = Debug|Any CPU
		{47FCA4EA-D425-4240-A4DB-E0F1D893B565}.Debug_Unity|x64.ActiveCfg = Debug|Any CPU
		{47FCA4EA-D425-4240-A4DB-E0F1D893B565}.Debug_Unity|x64.Build.0 = Debug|Any CPU
		{47FCA4EA-D425-4240-A4DB-E0F1D893B565}.Debug|Any CPU.ActiveCfg = Debug|Any CPU
		{47FCA4EA-D425-4240-A4DB-E0F1D893B565}.Debug|Any CPU.Build.0 = Debug|Any CPU
		{47FCA4EA-D425-4240-A4DB-E0F1D893B565}.Debug|x64.ActiveCfg = Debug|Any CPU
		{47FCA4EA-D425-4240-A4DB-E0F1D893B565}.Debug|x64.Build.0 = Debug|Any CPU
		{47FCA4EA-D425-4240-A4DB-E0F1D893B565}.Release|Any CPU.ActiveCfg = Release|Any CPU
		{47FCA4EA-D425-4240-A4DB-E0F1D893B565}.Release|Any CPU.Build.0 = Release|Any CPU
		{47FCA4EA-D425-4240-A4DB-E0F1D893B565}.Release|x64.ActiveCfg = Release|Any CPU
		{47FCA4EA-D425-4240-A4DB-E0F1D893B565}.Release|x64.Build.0 = Release|Any CPU
		{710395E0-FEA2-4E91-BFC4-EFC99FA93D66}.Debug_Unity|Any CPU.ActiveCfg = Debug|Any CPU
		{710395E0-FEA2-4E91-BFC4-EFC99FA93D66}.Debug_Unity|Any CPU.Build.0 = Debug|Any CPU
		{710395E0-FEA2-4E91-BFC4-EFC99FA93D66}.Debug_Unity|x64.ActiveCfg = Debug|Any CPU
		{710395E0-FEA2-4E91-BFC4-EFC99FA93D66}.Debug_Unity|x64.Build.0 = Debug|Any CPU
		{710395E0-FEA2-4E91-BFC4-EFC99FA93D66}.Debug|Any CPU.ActiveCfg = Debug|Any CPU
		{710395E0-FEA2-4E91-BFC4-EFC99FA93D66}.Debug|Any CPU.Build.0 = Debug|Any CPU
		{710395E0-FEA2-4E91-BFC4-EFC99FA93D66}.Debug|x64.ActiveCfg = Debug|Any CPU
		{710395E0-FEA2-4E91-BFC4-EFC99FA93D66}.Debug|x64.Build.0 = Debug|Any CPU
		{710395E0-FEA2-4E91-BFC4-EFC99FA93D66}.Release|Any CPU.ActiveCfg = Release|Any CPU
		{710395E0-FEA2-4E91-BFC4-EFC99FA93D66}.Release|Any CPU.Build.0 = Release|Any CPU
		{710395E0-FEA2-4E91-BFC4-EFC99FA93D66}.Release|x64.ActiveCfg = Release|Any CPU
		{710395E0-FEA2-4E91-BFC4-EFC99FA93D66}.Release|x64.Build.0 = Release|Any CPU
		{EF401E09-2C62-48EA-9D1B-16D7594D8D16}.Debug_Unity|Any CPU.ActiveCfg = Debug|Any CPU
		{EF401E09-2C62-48EA-9D1B-16D7594D8D16}.Debug_Unity|Any CPU.Build.0 = Debug|Any CPU
		{EF401E09-2C62-48EA-9D1B-16D7594D8D16}.Debug_Unity|x64.ActiveCfg = Debug|Any CPU
		{EF401E09-2C62-48EA-9D1B-16D7594D8D16}.Debug_Unity|x64.Build.0 = Debug|Any CPU
		{EF401E09-2C62-48EA-9D1B-16D7594D8D16}.Debug|Any CPU.ActiveCfg = Debug|Any CPU
		{EF401E09-2C62-48EA-9D1B-16D7594D8D16}.Debug|Any CPU.Build.0 = Debug|Any CPU
		{EF401E09-2C62-48EA-9D1B-16D7594D8D16}.Debug|x64.ActiveCfg = Debug|Any CPU
		{EF401E09-2C62-48EA-9D1B-16D7594D8D16}.Debug|x64.Build.0 = Debug|Any CPU
		{EF401E09-2C62-48EA-9D1B-16D7594D8D16}.Release|Any CPU.ActiveCfg = Release|Any CPU
		{EF401E09-2C62-48EA-9D1B-16D7594D8D16}.Release|Any CPU.Build.0 = Release|Any CPU
		{EF401E09-2C62-48EA-9D1B-16D7594D8D16}.Release|x64.ActiveCfg = Release|Any CPU
		{EF401E09-2C62-48EA-9D1B-16D7594D8D16}.Release|x64.Build.0 = Release|Any CPU
		{2F28AA04-316D-4C20-BF46-987D4A59691D}.Debug_Unity|Any CPU.ActiveCfg = Debug_Unity|Any CPU
		{2F28AA04-316D-4C20-BF46-987D4A59691D}.Debug_Unity|Any CPU.Build.0 = Debug_Unity|Any CPU
		{2F28AA04-316D-4C20-BF46-987D4A59691D}.Debug_Unity|x64.ActiveCfg = Debug_Unity|x64
		{2F28AA04-316D-4C20-BF46-987D4A59691D}.Debug_Unity|x64.Build.0 = Debug_Unity|x64
		{2F28AA04-316D-4C20-BF46-987D4A59691D}.Debug|Any CPU.ActiveCfg = Debug|Any CPU
		{2F28AA04-316D-4C20-BF46-987D4A59691D}.Debug|Any CPU.Build.0 = Debug|Any CPU
		{2F28AA04-316D-4C20-BF46-987D4A59691D}.Debug|x64.ActiveCfg = Debug|x64
		{2F28AA04-316D-4C20-BF46-987D4A59691D}.Debug|x64.Build.0 = Debug|x64
		{2F28AA04-316D-4C20-BF46-987D4A59691D}.Release|Any CPU.ActiveCfg = Release|Any CPU
		{2F28AA04-316D-4C20-BF46-987D4A59691D}.Release|Any CPU.Build.0 = Release|Any CPU
		{2F28AA04-316D-4C20-BF46-987D4A59691D}.Release|x64.ActiveCfg = Release|x64
		{2F28AA04-316D-4C20-BF46-987D4A59691D}.Release|x64.Build.0 = Release|x64
		{A4CFCE46-BDA8-4416-A1BB-77BD80514019}.Debug_Unity|Any CPU.ActiveCfg = Debug_Unity|Any CPU
		{A4CFCE46-BDA8-4416-A1BB-77BD80514019}.Debug_Unity|Any CPU.Build.0 = Debug_Unity|Any CPU
		{A4CFCE46-BDA8-4416-A1BB-77BD80514019}.Debug_Unity|x64.ActiveCfg = Debug_Unity|x64
		{A4CFCE46-BDA8-4416-A1BB-77BD80514019}.Debug_Unity|x64.Build.0 = Debug_Unity|x64
		{A4CFCE46-BDA8-4416-A1BB-77BD80514019}.Debug|Any CPU.ActiveCfg = Debug|Any CPU
		{A4CFCE46-BDA8-4416-A1BB-77BD80514019}.Debug|Any CPU.Build.0 = Debug|Any CPU
		{A4CFCE46-BDA8-4416-A1BB-77BD80514019}.Debug|x64.ActiveCfg = Debug|x64
		{A4CFCE46-BDA8-4416-A1BB-77BD80514019}.Debug|x64.Build.0 = Debug|x64
		{A4CFCE46-BDA8-4416-A1BB-77BD80514019}.Release|Any CPU.ActiveCfg = Release|Any CPU
		{A4CFCE46-BDA8-4416-A1BB-77BD80514019}.Release|Any CPU.Build.0 = Release|Any CPU
		{A4CFCE46-BDA8-4416-A1BB-77BD80514019}.Release|x64.ActiveCfg = Release|x64
		{A4CFCE46-BDA8-4416-A1BB-77BD80514019}.Release|x64.Build.0 = Release|x64
		{DBE3F865-0A66-4DB3-ACF2-1951AAB9269F}.Debug_Unity|Any CPU.ActiveCfg = Debug|Any CPU
		{DBE3F865-0A66-4DB3-ACF2-1951AAB9269F}.Debug_Unity|Any CPU.Build.0 = Debug|Any CPU
		{DBE3F865-0A66-4DB3-ACF2-1951AAB9269F}.Debug_Unity|x64.ActiveCfg = Debug|Any CPU
		{DBE3F865-0A66-4DB3-ACF2-1951AAB9269F}.Debug_Unity|x64.Build.0 = Debug|Any CPU
		{DBE3F865-0A66-4DB3-ACF2-1951AAB9269F}.Debug|Any CPU.ActiveCfg = Debug|Any CPU
		{DBE3F865-0A66-4DB3-ACF2-1951AAB9269F}.Debug|Any CPU.Build.0 = Debug|Any CPU
		{DBE3F865-0A66-4DB3-ACF2-1951AAB9269F}.Debug|x64.ActiveCfg = Debug|Any CPU
		{DBE3F865-0A66-4DB3-ACF2-1951AAB9269F}.Debug|x64.Build.0 = Debug|Any CPU
		{DBE3F865-0A66-4DB3-ACF2-1951AAB9269F}.Release|Any CPU.ActiveCfg = Release|Any CPU
		{DBE3F865-0A66-4DB3-ACF2-1951AAB9269F}.Release|Any CPU.Build.0 = Release|Any CPU
		{DBE3F865-0A66-4DB3-ACF2-1951AAB9269F}.Release|x64.ActiveCfg = Release|Any CPU
		{DBE3F865-0A66-4DB3-ACF2-1951AAB9269F}.Release|x64.Build.0 = Release|Any CPU
		{DD716E44-FC04-42A5-85EF-ED27536A0EDA}.Debug_Unity|Any CPU.ActiveCfg = Debug|Any CPU
		{DD716E44-FC04-42A5-85EF-ED27536A0EDA}.Debug_Unity|Any CPU.Build.0 = Debug|Any CPU
		{DD716E44-FC04-42A5-85EF-ED27536A0EDA}.Debug_Unity|x64.ActiveCfg = Debug|Any CPU
		{DD716E44-FC04-42A5-85EF-ED27536A0EDA}.Debug_Unity|x64.Build.0 = Debug|Any CPU
		{DD716E44-FC04-42A5-85EF-ED27536A0EDA}.Debug|Any CPU.ActiveCfg = Debug|Any CPU
		{DD716E44-FC04-42A5-85EF-ED27536A0EDA}.Debug|Any CPU.Build.0 = Debug|Any CPU
		{DD716E44-FC04-42A5-85EF-ED27536A0EDA}.Debug|x64.ActiveCfg = Debug|Any CPU
		{DD716E44-FC04-42A5-85EF-ED27536A0EDA}.Debug|x64.Build.0 = Debug|Any CPU
		{DD716E44-FC04-42A5-85EF-ED27536A0EDA}.Release|Any CPU.ActiveCfg = Release|Any CPU
		{DD716E44-FC04-42A5-85EF-ED27536A0EDA}.Release|Any CPU.Build.0 = Release|Any CPU
		{DD716E44-FC04-42A5-85EF-ED27536A0EDA}.Release|x64.ActiveCfg = Release|Any CPU
		{DD716E44-FC04-42A5-85EF-ED27536A0EDA}.Release|x64.Build.0 = Release|Any CPU
		{197ED218-A93B-4EF5-B4AA-9E0A565B58A4}.Debug_Unity|Any CPU.ActiveCfg = Debug|Any CPU
		{197ED218-A93B-4EF5-B4AA-9E0A565B58A4}.Debug_Unity|Any CPU.Build.0 = Debug|Any CPU
		{197ED218-A93B-4EF5-B4AA-9E0A565B58A4}.Debug_Unity|x64.ActiveCfg = Debug|Any CPU
		{197ED218-A93B-4EF5-B4AA-9E0A565B58A4}.Debug_Unity|x64.Build.0 = Debug|Any CPU
		{197ED218-A93B-4EF5-B4AA-9E0A565B58A4}.Debug|Any CPU.ActiveCfg = Debug|Any CPU
		{197ED218-A93B-4EF5-B4AA-9E0A565B58A4}.Debug|Any CPU.Build.0 = Debug|Any CPU
		{197ED218-A93B-4EF5-B4AA-9E0A565B58A4}.Debug|x64.ActiveCfg = Debug|Any CPU
		{197ED218-A93B-4EF5-B4AA-9E0A565B58A4}.Debug|x64.Build.0 = Debug|Any CPU
		{197ED218-A93B-4EF5-B4AA-9E0A565B58A4}.Release|Any CPU.ActiveCfg = Release|Any CPU
		{197ED218-A93B-4EF5-B4AA-9E0A565B58A4}.Release|Any CPU.Build.0 = Release|Any CPU
		{197ED218-A93B-4EF5-B4AA-9E0A565B58A4}.Release|x64.ActiveCfg = Release|Any CPU
		{197ED218-A93B-4EF5-B4AA-9E0A565B58A4}.Release|x64.Build.0 = Release|Any CPU
		{A720964C-C3E0-4CB8-A81B-54A9CF7BC8DD}.Debug_Unity|Any CPU.ActiveCfg = Debug|Any CPU
		{A720964C-C3E0-4CB8-A81B-54A9CF7BC8DD}.Debug_Unity|Any CPU.Build.0 = Debug|Any CPU
		{A720964C-C3E0-4CB8-A81B-54A9CF7BC8DD}.Debug_Unity|x64.ActiveCfg = Debug|x64
		{A720964C-C3E0-4CB8-A81B-54A9CF7BC8DD}.Debug_Unity|x64.Build.0 = Debug|x64
		{A720964C-C3E0-4CB8-A81B-54A9CF7BC8DD}.Debug|Any CPU.ActiveCfg = Debug|Any CPU
		{A720964C-C3E0-4CB8-A81B-54A9CF7BC8DD}.Debug|Any CPU.Build.0 = Debug|Any CPU
		{A720964C-C3E0-4CB8-A81B-54A9CF7BC8DD}.Debug|x64.ActiveCfg = Debug|x64
		{A720964C-C3E0-4CB8-A81B-54A9CF7BC8DD}.Debug|x64.Build.0 = Debug|x64
		{A720964C-C3E0-4CB8-A81B-54A9CF7BC8DD}.Release|Any CPU.ActiveCfg = Release|Any CPU
		{A720964C-C3E0-4CB8-A81B-54A9CF7BC8DD}.Release|Any CPU.Build.0 = Release|Any CPU
		{A720964C-C3E0-4CB8-A81B-54A9CF7BC8DD}.Release|x64.ActiveCfg = Release|x64
		{A720964C-C3E0-4CB8-A81B-54A9CF7BC8DD}.Release|x64.Build.0 = Release|x64
		{00E8AFF8-E4D5-4327-86F1-D03379419431}.Debug_Unity|Any CPU.ActiveCfg = Debug|Any CPU
		{00E8AFF8-E4D5-4327-86F1-D03379419431}.Debug_Unity|Any CPU.Build.0 = Debug|Any CPU
		{00E8AFF8-E4D5-4327-86F1-D03379419431}.Debug_Unity|x64.ActiveCfg = Debug|x64
		{00E8AFF8-E4D5-4327-86F1-D03379419431}.Debug_Unity|x64.Build.0 = Debug|x64
		{00E8AFF8-E4D5-4327-86F1-D03379419431}.Debug|Any CPU.ActiveCfg = Debug|Any CPU
		{00E8AFF8-E4D5-4327-86F1-D03379419431}.Debug|Any CPU.Build.0 = Debug|Any CPU
		{00E8AFF8-E4D5-4327-86F1-D03379419431}.Debug|x64.ActiveCfg = Debug|x64
		{00E8AFF8-E4D5-4327-86F1-D03379419431}.Debug|x64.Build.0 = Debug|x64
		{00E8AFF8-E4D5-4327-86F1-D03379419431}.Release|Any CPU.ActiveCfg = Release|Any CPU
		{00E8AFF8-E4D5-4327-86F1-D03379419431}.Release|Any CPU.Build.0 = Release|Any CPU
		{00E8AFF8-E4D5-4327-86F1-D03379419431}.Release|x64.ActiveCfg = Release|x64
		{00E8AFF8-E4D5-4327-86F1-D03379419431}.Release|x64.Build.0 = Release|x64
		{D4580866-2273-4E9B-BE70-4FA2AB11434A}.Debug_Unity|Any CPU.ActiveCfg = Debug|Any CPU
		{D4580866-2273-4E9B-BE70-4FA2AB11434A}.Debug_Unity|Any CPU.Build.0 = Debug|Any CPU
		{D4580866-2273-4E9B-BE70-4FA2AB11434A}.Debug_Unity|x64.ActiveCfg = Debug|x64
		{D4580866-2273-4E9B-BE70-4FA2AB11434A}.Debug_Unity|x64.Build.0 = Debug|x64
		{D4580866-2273-4E9B-BE70-4FA2AB11434A}.Debug|Any CPU.ActiveCfg = Debug|Any CPU
		{D4580866-2273-4E9B-BE70-4FA2AB11434A}.Debug|Any CPU.Build.0 = Debug|Any CPU
		{D4580866-2273-4E9B-BE70-4FA2AB11434A}.Debug|x64.ActiveCfg = Debug|x64
		{D4580866-2273-4E9B-BE70-4FA2AB11434A}.Debug|x64.Build.0 = Debug|x64
		{D4580866-2273-4E9B-BE70-4FA2AB11434A}.Release|Any CPU.ActiveCfg = Release|Any CPU
		{D4580866-2273-4E9B-BE70-4FA2AB11434A}.Release|Any CPU.Build.0 = Release|Any CPU
		{D4580866-2273-4E9B-BE70-4FA2AB11434A}.Release|x64.ActiveCfg = Release|x64
		{D4580866-2273-4E9B-BE70-4FA2AB11434A}.Release|x64.Build.0 = Release|x64
		{6CB4CDE6-4405-40E6-8BDF-5A2E9185CC04}.Debug_Unity|Any CPU.ActiveCfg = Debug|Any CPU
		{6CB4CDE6-4405-40E6-8BDF-5A2E9185CC04}.Debug_Unity|Any CPU.Build.0 = Debug|Any CPU
		{6CB4CDE6-4405-40E6-8BDF-5A2E9185CC04}.Debug_Unity|x64.ActiveCfg = Debug|x64
		{6CB4CDE6-4405-40E6-8BDF-5A2E9185CC04}.Debug_Unity|x64.Build.0 = Debug|x64
		{6CB4CDE6-4405-40E6-8BDF-5A2E9185CC04}.Debug|Any CPU.ActiveCfg = Debug|Any CPU
		{6CB4CDE6-4405-40E6-8BDF-5A2E9185CC04}.Debug|Any CPU.Build.0 = Debug|Any CPU
		{6CB4CDE6-4405-40E6-8BDF-5A2E9185CC04}.Debug|x64.ActiveCfg = Debug|x64
		{6CB4CDE6-4405-40E6-8BDF-5A2E9185CC04}.Debug|x64.Build.0 = Debug|x64
		{6CB4CDE6-4405-40E6-8BDF-5A2E9185CC04}.Release|Any CPU.ActiveCfg = Release|Any CPU
		{6CB4CDE6-4405-40E6-8BDF-5A2E9185CC04}.Release|Any CPU.Build.0 = Release|Any CPU
		{6CB4CDE6-4405-40E6-8BDF-5A2E9185CC04}.Release|x64.ActiveCfg = Release|x64
		{6CB4CDE6-4405-40E6-8BDF-5A2E9185CC04}.Release|x64.Build.0 = Release|x64
		{8308717D-EC47-44CD-A27D-95BE5A92A36D}.Debug_Unity|Any CPU.ActiveCfg = Debug|Any CPU
		{8308717D-EC47-44CD-A27D-95BE5A92A36D}.Debug_Unity|Any CPU.Build.0 = Debug|Any CPU
		{8308717D-EC47-44CD-A27D-95BE5A92A36D}.Debug_Unity|x64.ActiveCfg = Debug|x64
		{8308717D-EC47-44CD-A27D-95BE5A92A36D}.Debug_Unity|x64.Build.0 = Debug|x64
		{8308717D-EC47-44CD-A27D-95BE5A92A36D}.Debug|Any CPU.ActiveCfg = Debug|Any CPU
		{8308717D-EC47-44CD-A27D-95BE5A92A36D}.Debug|Any CPU.Build.0 = Debug|Any CPU
		{8308717D-EC47-44CD-A27D-95BE5A92A36D}.Debug|x64.ActiveCfg = Debug|x64
		{8308717D-EC47-44CD-A27D-95BE5A92A36D}.Debug|x64.Build.0 = Debug|x64
		{8308717D-EC47-44CD-A27D-95BE5A92A36D}.Release|Any CPU.ActiveCfg = Release|Any CPU
		{8308717D-EC47-44CD-A27D-95BE5A92A36D}.Release|Any CPU.Build.0 = Release|Any CPU
		{8308717D-EC47-44CD-A27D-95BE5A92A36D}.Release|x64.ActiveCfg = Release|x64
		{8308717D-EC47-44CD-A27D-95BE5A92A36D}.Release|x64.Build.0 = Release|x64
	EndGlobalSection
	GlobalSection(SolutionProperties) = preSolution
		HideSolutionNode = FALSE
	EndGlobalSection
	GlobalSection(NestedProjects) = preSolution
		{EF401E09-2C62-48EA-9D1B-16D7594D8D16} = {CEF3BD00-655F-459C-86CC-17B3A38B9DD2}
		{2F28AA04-316D-4C20-BF46-987D4A59691D} = {CEF3BD00-655F-459C-86CC-17B3A38B9DD2}
		{A4CFCE46-BDA8-4416-A1BB-77BD80514019} = {CEF3BD00-655F-459C-86CC-17B3A38B9DD2}
		{DD716E44-FC04-42A5-85EF-ED27536A0EDA} = {CEF3BD00-655F-459C-86CC-17B3A38B9DD2}
		{A720964C-C3E0-4CB8-A81B-54A9CF7BC8DD} = {CEF3BD00-655F-459C-86CC-17B3A38B9DD2}
		{00E8AFF8-E4D5-4327-86F1-D03379419431} = {CEF3BD00-655F-459C-86CC-17B3A38B9DD2}
		{D4580866-2273-4E9B-BE70-4FA2AB11434A} = {CEF3BD00-655F-459C-86CC-17B3A38B9DD2}
		{6CB4CDE6-4405-40E6-8BDF-5A2E9185CC04} = {CEF3BD00-655F-459C-86CC-17B3A38B9DD2}
		{8308717D-EC47-44CD-A27D-95BE5A92A36D} = {CEF3BD00-655F-459C-86CC-17B3A38B9DD2}
	EndGlobalSection
	GlobalSection(ExtensibilityGlobals) = postSolution
		SolutionGuid = {1B4AE9FA-6497-4439-8D57-AF55E9D4FFF8}
	EndGlobalSection
EndGlobal
